{
  "name": "backup-directory-tree",
  "version": "0.0.0",
  "lockfileVersion": 1,
  "requires": true,
  "dependencies": {
    "directory-tree": {
      "version": "2.2.4",
      "resolved": "https://registry.npmjs.org/directory-tree/-/directory-tree-2.2.4.tgz",
      "integrity": "sha512-2N43msQptKbi3WMfIs+U09yi6bfyKL+MWyj5VMj8t1F/Tx04bt1cn/EEIU3o1JBltlJk7NQnzOEuTNa/KQvbWA=="
    },
    "nan": {
      "version": "2.14.0",
      "resolved": "https://registry.npmjs.org/nan/-/nan-2.14.0.tgz",
      "integrity": "sha512-INOFj37C7k3AfaNTtX8RhsTw7qRy7eLET14cROi9+5HAVbbHuIWUHEauBv5qT4Av2tWasiTY1Jw6puUNqRJXQg=="
    },
    "osx-tag": {
      "version": "0.4.1",
      "resolved": "https://registry.npmjs.org/osx-tag/-/osx-tag-0.4.1.tgz",
      "integrity": "sha512-UrxRN8tGoLWX1wqQzU2hEzKnje1yOvIgyM8E3/N1NokVf749tENJLCWRdf4rnF6VtSWwYZ6AdN7heRWJS3PZWA==",
      "requires": {
        "nan": "~2.14.0"
      }
    }
  }
}
